{
  "name": "Front-End-Angular",
  "lockfileVersion": 2,
  "requires": true,
  "packages": {
    "": {
      "dependencies": {
        "@angular/animations": "^13.2.5",
        "@angular/cdk": "^13.2.5",
        "@angular/material": "^13.2.5",
        "hammerjs": "^2.0.8"
      }
    },
    "node_modules/@angular/animations": {
      "version": "13.2.5",
      "resolved": "https://registry.npmjs.org/@angular/animations/-/animations-13.2.5.tgz",
      "integrity": "sha512-1mGOePSDTiVwNIuV2g3+mUHrZJAkqJVzRKqKyNPXdwZupzVAgAfLbfUC07hhD/H53mXupIVugcUMFC3dvMu7uQ==",
      "dependencies": {
        "tslib": "^2.3.0"
      },
      "engines": {
        "node": "^12.20.0 || ^14.15.0 || >=16.10.0"
      },
      "peerDependencies": {
        "@angular/core": "13.2.5"
      }
    },
    "node_modules/@angular/cdk": {
      "version": "13.2.5",
      "resolved": "https://registry.npmjs.org/@angular/cdk/-/cdk-13.2.5.tgz",
      "integrity": "sha512-kYya2Zd+tK5CmzNcxNADqILVZYEb5CKsOnr4DXPmRJ55IwlHiBZJKUdmSaavb7SCdyNOFP3e1dSwOrIIRLeCuQ==",
      "dependencies": {
        "tslib": "^2.3.0"
      },
      "optionalDependencies": {
        "parse5": "^5.0.0"
      },
      "peerDependencies": {
        "@angular/common": "^13.0.0 || ^14.0.0-0",
        "@angular/core": "^13.0.0 || ^14.0.0-0",
        "rxjs": "^6.5.3 || ^7.4.0"
      }
    },
    "node_modules/@angular/common": {
      "version": "13.2.5",
      "resolved": "https://registry.npmjs.org/@angular/common/-/common-13.2.5.tgz",
      "integrity": "sha512-px2qZP8Fd2qYbCVWmgLmop2OBQ/LKU2Oq8U/La2EEo8kgVuNWNTxmIh826cgZK/v9VQw8b/EoU7PeEjSWz0Zow==",
      "peer": true,
      "dependencies": {
        "tslib": "^2.3.0"
      },
      "engines": {
        "node": "^12.20.0 || ^14.15.0 || >=16.10.0"
      },
      "peerDependencies": {
        "@angular/core": "13.2.5",
        "rxjs": "^6.5.3 || ^7.4.0"
      }
    },
    "node_modules/@angular/core": {
      "version": "13.2.5",
      "resolved": "https://registry.npmjs.org/@angular/core/-/core-13.2.5.tgz",
      "integrity": "sha512-4CC69JQbgyETJR6xsQk6hOQqb6fBGZ/Qc333x0hwRDBbGnYE6hQehDibV+Apljea8YjV+NX6VmyOvPvHhtL4PQ==",
      "peer": true,
      "dependencies": {
        "tslib": "^2.3.0"
      },
      "engines": {
        "node": "^12.20.0 || ^14.15.0 || >=16.10.0"
      },
      "peerDependencies": {
        "rxjs": "^6.5.3 || ^7.4.0",
        "zone.js": "~0.11.4"
      }
    },
    "node_modules/@angular/forms": {
      "version": "13.2.5",
      "resolved": "https://registry.npmjs.org/@angular/forms/-/forms-13.2.5.tgz",
      "integrity": "sha512-0IOSj6OxW7fcaOLxaBydzFot3QsyQXeASXkq5xXGT10IsufVlnMS6wCULy/Ru3C1YAZZEM/z2rU+2yjjflea6A==",
      "peer": true,
      "dependencies": {
        "tslib": "^2.3.0"
      },
      "engines": {
        "node": "^12.20.0 || ^14.15.0 || >=16.10.0"
      },
      "peerDependencies": {
        "@angular/common": "13.2.5",
        "@angular/core": "13.2.5",
        "@angular/platform-browser": "13.2.5",
        "rxjs": "^6.5.3 || ^7.4.0"
      }
    },
    "node_modules/@angular/material": {
      "version": "13.2.5",
      "resolved": "https://registry.npmjs.org/@angular/material/-/material-13.2.5.tgz",
      "integrity": "sha512-9rkB8/3o+kSjvKJYBCA8YJoTW54BGiqLrtan6Qn/Qv4pqDl6zwiHtk8EcM26N9Zmv7LzJf0mdNsy2XxfX4/agQ==",
      "dependencies": {
        "tslib": "^2.3.0"
      },
      "peerDependencies": {
        "@angular/animations": "^13.0.0 || ^14.0.0-0",
        "@angular/cdk": "13.2.5",
        "@angular/common": "^13.0.0 || ^14.0.0-0",
        "@angular/core": "^13.0.0 || ^14.0.0-0",
        "@angular/forms": "^13.0.0 || ^14.0.0-0",
        "@angular/platform-browser": "^13.0.0 || ^14.0.0-0",
        "rxjs": "^6.5.3 || ^7.4.0"
      }
    },
    "node_modules/@angular/platform-browser": {
      "version": "13.2.5",
      "resolved": "https://registry.npmjs.org/@angular/platform-browser/-/platform-browser-13.2.5.tgz",
      "integrity": "sha512-/M8ZpBftXC6vXDpxop1mLfbkvP2naUHBJmMRAQkJMLN4UlZKP3J+yjC8CN8uzQx0Y6Zt3G+LrGdOWYD9IRXBvw==",
      "peer": true,
      "dependencies": {
        "tslib": "^2.3.0"
      },
      "engines": {
        "node": "^12.20.0 || ^14.15.0 || >=16.10.0"
      },
      "peerDependencies": {
        "@angular/animations": "13.2.5",
        "@angular/common": "13.2.5",
        "@angular/core": "13.2.5"
      },
      "peerDependenciesMeta": {
        "@angular/animations": {
          "optional": true
        }
      }
    },
    "node_modules/hammerjs": {
      "version": "2.0.8",
      "resolved": "https://registry.npmjs.org/hammerjs/-/hammerjs-2.0.8.tgz",
      "integrity": "sha1-BO93hiz/K7edMPdpIJWTAiK/YPE=",
      "engines": {
        "node": ">=0.8.0"
      }
    },
    "node_modules/parse5": {
      "version": "5.1.1",
      "resolved": "https://registry.npmjs.org/parse5/-/parse5-5.1.1.tgz",
      "integrity": "sha512-ugq4DFI0Ptb+WWjAdOK16+u/nHfiIrcE+sh8kZMaM0WllQKLI9rOUq6c2b7cwPkXdzfQESqvoqK6ug7U/Yyzug==",
      "optional": true
    },
    "node_modules/rxjs": {
      "version": "7.5.4",
      "resolved": "https://registry.npmjs.org/rxjs/-/rxjs-7.5.4.tgz",
      "integrity": "sha512-h5M3Hk78r6wAheJF0a5YahB1yRQKCsZ4MsGdZ5O9ETbVtjPcScGfrMmoOq7EBsCRzd4BDkvDJ7ogP8Sz5tTFiQ==",
      "peer": true,
      "dependencies": {
        "tslib": "^2.1.0"
      }
    },
    "node_modules/tslib": {
      "version": "2.3.1",
      "resolved": "https://registry.npmjs.org/tslib/-/tslib-2.3.1.tgz",
      "integrity": "sha512-77EbyPPpMz+FRFRuAFlWMtmgUWGe9UOG2Z25NqCwiIjRhOf5iKGuzSe5P2w1laq+FkRy4p+PCuVkJSGkzTEKVw=="
    },
    "node_modules/zone.js": {
      "version": "0.11.5",
      "resolved": "https://registry.npmjs.org/zone.js/-/zone.js-0.11.5.tgz",
      "integrity": "sha512-D1/7VxEuQ7xk6z/kAROe4SUbd9CzxY4zOwVGnGHerd/SgLIVU5f4esDzQUsOCeArn933BZfWMKydH7l7dPEp0g==",
      "peer": true,
      "dependencies": {
        "tslib": "^2.3.0"
      }
    }
  },
  "dependencies": {
    "@angular/animations": {
      "version": "13.2.5",
      "resolved": "https://registry.npmjs.org/@angular/animations/-/animations-13.2.5.tgz",
      "integrity": "sha512-1mGOePSDTiVwNIuV2g3+mUHrZJAkqJVzRKqKyNPXdwZupzVAgAfLbfUC07hhD/H53mXupIVugcUMFC3dvMu7uQ==",
      "requires": {
        "tslib": "^2.3.0"
      }
    },
    "@angular/cdk": {
      "version": "13.2.5",
      "resolved": "https://registry.npmjs.org/@angular/cdk/-/cdk-13.2.5.tgz",
      "integrity": "sha512-kYya2Zd+tK5CmzNcxNADqILVZYEb5CKsOnr4DXPmRJ55IwlHiBZJKUdmSaavb7SCdyNOFP3e1dSwOrIIRLeCuQ==",
      "requires": {
        "parse5": "^5.0.0",
        "tslib": "^2.3.0"
      }
    },
    "@angular/common": {
      "version": "13.2.5",
      "resolved": "https://registry.npmjs.org/@angular/common/-/common-13.2.5.tgz",
      "integrity": "sha512-px2qZP8Fd2qYbCVWmgLmop2OBQ/LKU2Oq8U/La2EEo8kgVuNWNTxmIh826cgZK/v9VQw8b/EoU7PeEjSWz0Zow==",
      "peer": true,
      "requires": {
        "tslib": "^2.3.0"
      }
    },
    "@angular/core": {
      "version": "13.2.5",
      "resolved": "https://registry.npmjs.org/@angular/core/-/core-13.2.5.tgz",
      "integrity": "sha512-4CC69JQbgyETJR6xsQk6hOQqb6fBGZ/Qc333x0hwRDBbGnYE6hQehDibV+Apljea8YjV+NX6VmyOvPvHhtL4PQ==",
      "peer": true,
      "requires": {
        "tslib": "^2.3.0"
      }
    },
    "@angular/forms": {
      "version": "13.2.5",
      "resolved": "https://registry.npmjs.org/@angular/forms/-/forms-13.2.5.tgz",
      "integrity": "sha512-0IOSj6OxW7fcaOLxaBydzFot3QsyQXeASXkq5xXGT10IsufVlnMS6wCULy/Ru3C1YAZZEM/z2rU+2yjjflea6A==",
      "peer": true,
      "requires": {
        "tslib": "^2.3.0"
      }
    },
    "@angular/material": {
      "version": "13.2.5",
      "resolved": "https://registry.npmjs.org/@angular/material/-/material-13.2.5.tgz",
      "integrity": "sha512-9rkB8/3o+kSjvKJYBCA8YJoTW54BGiqLrtan6Qn/Qv4pqDl6zwiHtk8EcM26N9Zmv7LzJf0mdNsy2XxfX4/agQ==",
      "requires": {
        "tslib": "^2.3.0"
      }
    },
    "@angular/platform-browser": {
      "version": "13.2.5",
      "resolved": "https://registry.npmjs.org/@angular/platform-browser/-/platform-browser-13.2.5.tgz",
      "integrity": "sha512-/M8ZpBftXC6vXDpxop1mLfbkvP2naUHBJmMRAQkJMLN4UlZKP3J+yjC8CN8uzQx0Y6Zt3G+LrGdOWYD9IRXBvw==",
      "peer": true,
      "requires": {
        "tslib": "^2.3.0"
      }
    },
    "hammerjs": {
      "version": "2.0.8",
      "resolved": "https://registry.npmjs.org/hammerjs/-/hammerjs-2.0.8.tgz",
      "integrity": "sha1-BO93hiz/K7edMPdpIJWTAiK/YPE="
    },
    "parse5": {
      "version": "5.1.1",
      "resolved": "https://registry.npmjs.org/parse5/-/parse5-5.1.1.tgz",
      "integrity": "sha512-ugq4DFI0Ptb+WWjAdOK16+u/nHfiIrcE+sh8kZMaM0WllQKLI9rOUq6c2b7cwPkXdzfQESqvoqK6ug7U/Yyzug==",
      "optional": true
    },
    "rxjs": {
      "version": "7.5.4",
      "resolved": "https://registry.npmjs.org/rxjs/-/rxjs-7.5.4.tgz",
      "integrity": "sha512-h5M3Hk78r6wAheJF0a5YahB1yRQKCsZ4MsGdZ5O9ETbVtjPcScGfrMmoOq7EBsCRzd4BDkvDJ7ogP8Sz5tTFiQ==",
      "peer": true,
      "requires": {
        "tslib": "^2.1.0"
      }
    },
    "tslib": {
      "version": "2.3.1",
      "resolved": "https://registry.npmjs.org/tslib/-/tslib-2.3.1.tgz",
      "integrity": "sha512-77EbyPPpMz+FRFRuAFlWMtmgUWGe9UOG2Z25NqCwiIjRhOf5iKGuzSe5P2w1laq+FkRy4p+PCuVkJSGkzTEKVw=="
    },
    "zone.js": {
      "version": "0.11.5",
      "resolved": "https://registry.npmjs.org/zone.js/-/zone.js-0.11.5.tgz",
      "integrity": "sha512-D1/7VxEuQ7xk6z/kAROe4SUbd9CzxY4zOwVGnGHerd/SgLIVU5f4esDzQUsOCeArn933BZfWMKydH7l7dPEp0g==",
      "peer": true,
      "requires": {
        "tslib": "^2.3.0"
      }
    }
  }
}
